
Microsoft Visual Studio Solution File, Format Version 12.00
# Visual Studio Version 17
VisualStudioVersion = 17.9.34728.123
MinimumVisualStudioVersion = 10.0.40219.1
Project("{FAE04EC0-301F-11D3-BF4B-00C04F79EFBC}") = "DanielaMoraTercerTaller", "DanielaMoraTercerTaller\DanielaMoraTercerTaller.csproj", "{73FDA971-D437-46C3-8E64-9EA2F2D6B2F2}"
EndProject
Global
	GlobalSection(SolutionConfigurationPlatforms) = preSolution
		Debug|Any CPU = Debug|Any CPU
		Release|Any CPU = Release|Any CPU
	EndGlobalSection
	GlobalSection(ProjectConfigurationPlatforms) = postSolution
		{73FDA971-D437-46C3-8E64-9EA2F2D6B2F2}.Debug|Any CPU.ActiveCfg = Debug|Any CPU
		{73FDA971-D437-46C3-8E64-9EA2F2D6B2F2}.Debug|Any CPU.Build.0 = Debug|Any CPU
		{73FDA971-D437-46C3-8E64-9EA2F2D6B2F2}.Release|Any CPU.ActiveCfg = Release|Any CPU
		{73FDA971-D437-46C3-8E64-9EA2F2D6B2F2}.Release|Any CPU.Build.0 = Release|Any CPU
	EndGlobalSection
	GlobalSection(SolutionProperties) = preSolution
		HideSolutionNode = FALSE
	EndGlobalSection
	GlobalSection(ExtensibilityGlobals) = postSolution
		SolutionGuid = {82B66D85-EB1A-41F3-9F25-484CC6EE45DF}
	EndGlobalSection
EndGlobal
